
Microsoft Visual Studio Solution File, Format Version 12.00
# Visual Studio Version 17
VisualStudioVersion = 17.0.31903.59
MinimumVisualStudioVersion = 10.0.40219.1
Project("{2150E333-8FDC-42A3-9474-1A3956D46DE8}") = "src", "src", "{3120D975-E141-4B30-91C7-41E3158794EE}"
EndProject
Project("{FAE04EC0-301F-11D3-BF4B-00C04F79EFBC}") = "Guruvani.Api", "src\Guruvani.Api\Guruvani.Api.csproj", "{507844B8-40BC-471B-AF67-0E9DF6A66E44}"
EndProject
Project("{FAE04EC0-301F-11D3-BF4B-00C04F79EFBC}") = "Guruvani.Application", "src\Guruvani.Application\Guruvani.Application.csproj", "{883BBDE5-3423-48BE-9691-7DAA5534B99F}"
EndProject
Project("{FAE04EC0-301F-11D3-BF4B-00C04F79EFBC}") = "Guruvani.Domain", "src\Guruvani.Domain\Guruvani.Domain.csproj", "{101AE647-0134-4BD0-85B0-40C1149D7A1B}"
EndProject
Project("{FAE04EC0-301F-11D3-BF4B-00C04F79EFBC}") = "Guruvani.Infrastructure", "src\Guruvani.Infrastructure\Guruvani.Infrastructure.csproj", "{6156DF74-7735-4839-AA23-229BF9C301AC}"
EndProject
Project("{2150E333-8FDC-42A3-9474-1A3956D46DE8}") = "tests", "tests", "{8930A5F1-DFD7-4FF0-96FB-53397995CBF1}"
EndProject
Project("{FAE04EC0-301F-11D3-BF4B-00C04F79EFBC}") = "Guruvani.Api.Tests", "tests\Guruvani.Api.Tests\Guruvani.Api.Tests.csproj", "{24BB426F-242F-4242-837A-0B6AB3384E5A}"
EndProject
Global
	GlobalSection(SolutionConfigurationPlatforms) = preSolution
		Debug|Any CPU = Debug|Any CPU
		Release|Any CPU = Release|Any CPU
	EndGlobalSection
	GlobalSection(SolutionProperties) = preSolution
		HideSolutionNode = FALSE
	EndGlobalSection
	GlobalSection(ProjectConfigurationPlatforms) = postSolution
		{507844B8-40BC-471B-AF67-0E9DF6A66E44}.Debug|Any CPU.ActiveCfg = Debug|Any CPU
		{507844B8-40BC-471B-AF67-0E9DF6A66E44}.Debug|Any CPU.Build.0 = Debug|Any CPU
		{507844B8-40BC-471B-AF67-0E9DF6A66E44}.Release|Any CPU.ActiveCfg = Release|Any CPU
		{507844B8-40BC-471B-AF67-0E9DF6A66E44}.Release|Any CPU.Build.0 = Release|Any CPU
		{883BBDE5-3423-48BE-9691-7DAA5534B99F}.Debug|Any CPU.ActiveCfg = Debug|Any CPU
		{883BBDE5-3423-48BE-9691-7DAA5534B99F}.Debug|Any CPU.Build.0 = Debug|Any CPU
		{883BBDE5-3423-48BE-9691-7DAA5534B99F}.Release|Any CPU.ActiveCfg = Release|Any CPU
		{883BBDE5-3423-48BE-9691-7DAA5534B99F}.Release|Any CPU.Build.0 = Release|Any CPU
		{101AE647-0134-4BD0-85B0-40C1149D7A1B}.Debug|Any CPU.ActiveCfg = Debug|Any CPU
		{101AE647-0134-4BD0-85B0-40C1149D7A1B}.Debug|Any CPU.Build.0 = Debug|Any CPU
		{101AE647-0134-4BD0-85B0-40C1149D7A1B}.Release|Any CPU.ActiveCfg = Release|Any CPU
		{101AE647-0134-4BD0-85B0-40C1149D7A1B}.Release|Any CPU.Build.0 = Release|Any CPU
		{6156DF74-7735-4839-AA23-229BF9C301AC}.Debug|Any CPU.ActiveCfg = Debug|Any CPU
		{6156DF74-7735-4839-AA23-229BF9C301AC}.Debug|Any CPU.Build.0 = Debug|Any CPU
		{6156DF74-7735-4839-AA23-229BF9C301AC}.Release|Any CPU.ActiveCfg = Release|Any CPU
		{6156DF74-7735-4839-AA23-229BF9C301AC}.Release|Any CPU.Build.0 = Release|Any CPU
		{24BB426F-242F-4242-837A-0B6AB3384E5A}.Debug|Any CPU.ActiveCfg = Debug|Any CPU
		{24BB426F-242F-4242-837A-0B6AB3384E5A}.Debug|Any CPU.Build.0 = Debug|Any CPU
		{24BB426F-242F-4242-837A-0B6AB3384E5A}.Release|Any CPU.ActiveCfg = Release|Any CPU
		{24BB426F-242F-4242-837A-0B6AB3384E5A}.Release|Any CPU.Build.0 = Release|Any CPU
	EndGlobalSection
	GlobalSection(NestedProjects) = preSolution
		{507844B8-40BC-471B-AF67-0E9DF6A66E44} = {3120D975-E141-4B30-91C7-41E3158794EE}
		{883BBDE5-3423-48BE-9691-7DAA5534B99F} = {3120D975-E141-4B30-91C7-41E3158794EE}
		{101AE647-0134-4BD0-85B0-40C1149D7A1B} = {3120D975-E141-4B30-91C7-41E3158794EE}
		{6156DF74-7735-4839-AA23-229BF9C301AC} = {3120D975-E141-4B30-91C7-41E3158794EE}
		{24BB426F-242F-4242-837A-0B6AB3384E5A} = {8930A5F1-DFD7-4FF0-96FB-53397995CBF1}
	EndGlobalSection
EndGlobal
